
Microsoft Visual Studio Solution File, Format Version 12.00
# Visual Studio Version 16
VisualStudioVersion = 16.0.30907.101
MinimumVisualStudioVersion = 10.0.40219.1
Project("{FAE04EC0-301F-11D3-BF4B-00C04F79EFBC}") = "DelegadosPredicadosLamdas", "DelegadosPredicadosLamdas\DelegadosPredicadosLamdas.csproj", "{0FCA321B-54C9-4936-A357-7A127F6C2A55}"
EndProject
Global
	GlobalSection(SolutionConfigurationPlatforms) = preSolution
		Debug|Any CPU = Debug|Any CPU
		Release|Any CPU = Release|Any CPU
	EndGlobalSection
	GlobalSection(ProjectConfigurationPlatforms) = postSolution
		{0FCA321B-54C9-4936-A357-7A127F6C2A55}.Debug|Any CPU.ActiveCfg = Debug|Any CPU
		{0FCA321B-54C9-4936-A357-7A127F6C2A55}.Debug|Any CPU.Build.0 = Debug|Any CPU
		{0FCA321B-54C9-4936-A357-7A127F6C2A55}.Release|Any CPU.ActiveCfg = Release|Any CPU
		{0FCA321B-54C9-4936-A357-7A127F6C2A55}.Release|Any CPU.Build.0 = Release|Any CPU
	EndGlobalSection
	GlobalSection(SolutionProperties) = preSolution
		HideSolutionNode = FALSE
	EndGlobalSection
	GlobalSection(ExtensibilityGlobals) = postSolution
		SolutionGuid = {654CDA7F-C35D-472C-86D4-D21C96954F63}
	EndGlobalSection
EndGlobal
